
Microsoft Visual Studio Solution File, Format Version 12.00
# Visual Studio Version 17
VisualStudioVersion = 17.0.32126.317
MinimumVisualStudioVersion = 10.0.40219.1
Project("{FAE04EC0-301F-11D3-BF4B-00C04F79EFBC}") = "Multithreading-practice", "Multithreading-practice.csproj", "{60CEC655-D1CF-4DA1-B935-53FCD1A0F6BF}"
EndProject
Global
	GlobalSection(SolutionConfigurationPlatforms) = preSolution
		Debug|Any CPU = Debug|Any CPU
		Release|Any CPU = Release|Any CPU
	EndGlobalSection
	GlobalSection(ProjectConfigurationPlatforms) = postSolution
		{60CEC655-D1CF-4DA1-B935-53FCD1A0F6BF}.Debug|Any CPU.ActiveCfg = Debug|Any CPU
		{60CEC655-D1CF-4DA1-B935-53FCD1A0F6BF}.Debug|Any CPU.Build.0 = Debug|Any CPU
		{60CEC655-D1CF-4DA1-B935-53FCD1A0F6BF}.Release|Any CPU.ActiveCfg = Release|Any CPU
		{60CEC655-D1CF-4DA1-B935-53FCD1A0F6BF}.Release|Any CPU.Build.0 = Release|Any CPU
	EndGlobalSection
	GlobalSection(SolutionProperties) = preSolution
		HideSolutionNode = FALSE
	EndGlobalSection
	GlobalSection(ExtensibilityGlobals) = postSolution
		SolutionGuid = {D6F1BD33-F1DA-40B2-8945-96A4BE7B4EE0}
	EndGlobalSection
EndGlobal
